
Microsoft Visual Studio Solution File, Format Version 12.00
# Visual Studio 2015
Project("{FAE04EC0-301F-11D3-BF4B-00C04F79EFBC}") = "COMS 437 Reversi.CSharp", "COMS 437 Reversi.CSharp.csproj", "{CA17BA48-E8F9-0D97-B6A3-5FF14A4DFE63}"
EndProject
Global
	GlobalSection(SolutionConfigurationPlatforms) = preSolution
		Debug|Any CPU = Debug|Any CPU
		Release|Any CPU = Release|Any CPU
	EndGlobalSection
	GlobalSection(ProjectConfigurationPlatforms) = postSolution
		{CA17BA48-E8F9-0D97-B6A3-5FF14A4DFE63}.Debug|Any CPU.ActiveCfg = Debug|Any CPU
		{CA17BA48-E8F9-0D97-B6A3-5FF14A4DFE63}.Debug|Any CPU.Build.0 = Debug|Any CPU
		{CA17BA48-E8F9-0D97-B6A3-5FF14A4DFE63}.Release|Any CPU.ActiveCfg = Release|Any CPU
		{CA17BA48-E8F9-0D97-B6A3-5FF14A4DFE63}.Release|Any CPU.Build.0 = Release|Any CPU
	EndGlobalSection
	GlobalSection(SolutionProperties) = preSolution
		HideSolutionNode = FALSE
	EndGlobalSection
EndGlobal
